
Microsoft Visual Studio Solution File, Format Version 12.00
# Visual Studio Version 17
VisualStudioVersion = 17.9.34723.18
MinimumVisualStudioVersion = 10.0.40219.1
Project("{FAE04EC0-301F-11D3-BF4B-00C04F79EFBC}") = "pet2", "pet2.csproj", "{CBDF07A6-7875-402F-A612-C43307C7ACC1}"
EndProject
Global
	GlobalSection(SolutionConfigurationPlatforms) = preSolution
		Debug|Any CPU = Debug|Any CPU
		Release|Any CPU = Release|Any CPU
	EndGlobalSection
	GlobalSection(ProjectConfigurationPlatforms) = postSolution
		{CBDF07A6-7875-402F-A612-C43307C7ACC1}.Debug|Any CPU.ActiveCfg = Debug|Any CPU
		{CBDF07A6-7875-402F-A612-C43307C7ACC1}.Debug|Any CPU.Build.0 = Debug|Any CPU
		{CBDF07A6-7875-402F-A612-C43307C7ACC1}.Release|Any CPU.ActiveCfg = Release|Any CPU
		{CBDF07A6-7875-402F-A612-C43307C7ACC1}.Release|Any CPU.Build.0 = Release|Any CPU
	EndGlobalSection
	GlobalSection(SolutionProperties) = preSolution
		HideSolutionNode = FALSE
	EndGlobalSection
	GlobalSection(ExtensibilityGlobals) = postSolution
		SolutionGuid = {2CC2395E-FE62-40B9-A4B3-C6D210BF62DC}
	EndGlobalSection
EndGlobal
